// !$*UTF8*$!
{
	archiveVersion = 1;
	classes = {
	};
	objectVersion = 46;
	objects = {

/* Begin PBXBuildFile section */
		8E46F3731CDFD4080041643B /* AppDelegate.swift in Sources */ = {isa = PBXBuildFile; fileRef = 8E46F3721CDFD4080041643B /* AppDelegate.swift */; };
		8E46F3751CDFD4080041643B /* ViewController.swift in Sources */ = {isa = PBXBuildFile; fileRef = 8E46F3741CDFD4080041643B /* ViewController.swift */; };
		8E46F3781CDFD4080041643B /* Main.storyboard in Resources */ = {isa = PBXBuildFile; fileRef = 8E46F3761CDFD4080041643B /* Main.storyboard */; };
		8E46F37A1CDFD4080041643B /* Assets.xcassets in Resources */ = {isa = PBXBuildFile; fileRef = 8E46F3791CDFD4080041643B /* Assets.xcassets */; };
		8E46F37D1CDFD4080041643B /* LaunchScreen.storyboard in Resources */ = {isa = PBXBuildFile; fileRef = 8E46F37B1CDFD4080041643B /* LaunchScreen.storyboard */; };
		8E46F3881CDFD4080041643B /* HitoryTimeLineTests.swift in Sources */ = {isa = PBXBuildFile; fileRef = 8E46F3871CDFD4080041643B /* HitoryTimeLineTests.swift */; };
		8E46F3931CDFD4080041643B /* HitoryTimeLineUITests.swift in Sources */ = {isa = PBXBuildFile; fileRef = 8E46F3921CDFD4080041643B /* HitoryTimeLineUITests.swift */; };
/* End PBXBuildFile section */

/* Begin PBXContainerItemProxy section */
		8E46F3841CDFD4080041643B /* PBXContainerItemProxy */ = {
			isa = PBXContainerItemProxy;
			containerPortal = 8E46F3671CDFD4080041643B /* Project object */;
			proxyType = 1;
			remoteGlobalIDString = 8E46F36E1CDFD4080041643B;
			remoteInfo = HitoryTimeLine;
		};
		8E46F38F1CDFD4080041643B /* PBXContainerItemProxy */ = {
			isa = PBXContainerItemProxy;
			containerPortal = 8E46F3671CDFD4080041643B /* Project object */;
			proxyType = 1;
			remoteGlobalIDString = 8E46F36E1CDFD4080041643B;
			remoteInfo = HitoryTimeLine;
		};
/* End PBXContainerItemProxy section */

/* Begin PBXFileReference section */
		8E46F36F1CDFD4080041643B /* HitoryTimeLine.app */ = {isa = PBXFileReference; explicitFileType = wrapper.application; includeInIndex = 0; path = HitoryTimeLine.app; sourceTree = BUILT_PRODUCTS_DIR; };
		8E46F3721CDFD4080041643B /* AppDelegate.swift */ = {isa = PBXFileReference; lastKnownFileType = sourcecode.swift; path = AppDelegate.swift; sourceTree = "<group>"; };
		8E46F3741CDFD4080041643B /* ViewController.swift */ = {isa = PBXFileReference; lastKnownFileType = sourcecode.swift; path = ViewController.swift; sourceTree = "<group>"; };
		8E46F3771CDFD4080041643B /* Base */ = {isa = PBXFileReference; lastKnownFileType = file.storyboard; name = Base; path = Base.lproj/Main.storyboard; sourceTree = "<group>"; };
		8E46F3791CDFD4080041643B /* Assets.xcassets */ = {isa = PBXFileReference; lastKnownFileType = folder.assetcatalog; path = Assets.xcassets; sourceTree = "<group>"; };
		8E46F37C1CDFD4080041643B /* Base */ = {isa = PBXFileReference; lastKnownFileType = file.storyboard; name = Base; path = Base.lproj/LaunchScreen.storyboard; sourceTree = "<group>"; };
		8E46F37E1CDFD4080041643B /* Info.plist */ = {isa = PBXFileReference; lastKnownFileType = text.plist.xml; path = Info.plist; sourceTree = "<group>"; };
		8E46F3831CDFD4080041643B /* HitoryTimeLineTests.xctest */ = {isa = PBXFileReference; explicitFileType = wrapper.cfbundle; includeInIndex = 0; path = HitoryTimeLineTests.xctest; sourceTree = BUILT_PRODUCTS_DIR; };
		8E46F3871CDFD4080041643B /* HitoryTimeLineTests.swift */ = {isa = PBXFileReference; lastKnownFileType = sourcecode.swift; path = HitoryTimeLineTests.swift; sourceTree = "<group>"; };
		8E46F3891CDFD4080041643B /* Info.plist */ = {isa = PBXFileReference; lastKnownFileType = text.plist.xml; path = Info.plist; sourceTree = "<group>"; };
		8E46F38E1CDFD4080041643B /* HitoryTimeLineUITests.xctest */ = {isa = PBXFileReference; explicitFileType = wrapper.cfbundle; includeInIndex = 0; path = HitoryTimeLineUITests.xctest; sourceTree = BUILT_PRODUCTS_DIR; };
		8E46F3921CDFD4080041643B /* HitoryTimeLineUITests.swift */ = {isa = PBXFileReference; lastKnownFileType = sourcecode.swift; path = HitoryTimeLineUITests.swift; sourceTree = "<group>"; };
		8E46F3941CDFD4080041643B /* Info.plist */ = {isa = PBXFileReference; lastKnownFileType = text.plist.xml; path = Info.plist; sourceTree = "<group>"; };
/* End PBXFileReference section */

/* Begin PBXFrameworksBuildPhase section */
		8E46F36C1CDFD4080041643B /* Frameworks */ = {
			isa = PBXFrameworksBuildPhase;
			buildActionMask = 2147483647;
			files = (
			);
			runOnlyForDeploymentPostprocessing = 0;
		};
		8E46F3801CDFD4080041643B /* Frameworks */ = {
			isa = PBXFrameworksBuildPhase;
			buildActionMask = 2147483647;
			files = (
			);
			runOnlyForDeploymentPostprocessing = 0;
		};
		8E46F38B1CDFD4080041643B /* Frameworks */ = {
			isa = PBXFrameworksBuildPhase;
			buildActionMask = 2147483647;
			files = (
			);
			runOnlyForDeploymentPostprocessing = 0;
		};
/* End PBXFrameworksBuildPhase section */

/* Begin PBXGroup section */
		8E46F3661CDFD4080041643B = {
			isa = PBXGroup;
			children = (
				8E46F3711CDFD4080041643B /* HitoryTimeLine */,
				8E46F3861CDFD4080041643B /* HitoryTimeLineTests */,
				8E46F3911CDFD4080041643B /* HitoryTimeLineUITests */,
				8E46F3701CDFD4080041643B /* Products */,
			);
			sourceTree = "<group>";
		};
		8E46F3701CDFD4080041643B /* Products */ = {
			isa = PBXGroup;
			children = (
				8E46F36F1CDFD4080041643B /* HitoryTimeLine.app */,
				8E46F3831CDFD4080041643B /* HitoryTimeLineTests.xctest */,
				8E46F38E1CDFD4080041643B /* HitoryTimeLineUITests.xctest */,
			);
			name = Products;
			sourceTree = "<group>";
		};
		8E46F3711CDFD4080041643B /* HitoryTimeLine */ = {
			isa = PBXGroup;
			children = (
				8E46F3721CDFD4080041643B /* AppDelegate.swift */,
				8E46F3741CDFD4080041643B /* ViewController.swift */,
				8E46F3761CDFD4080041643B /* Main.storyboard */,
				8E46F3791CDFD4080041643B /* Assets.xcassets */,
				8E46F37B1CDFD4080041643B /* LaunchScreen.storyboard */,
				8E46F37E1CDFD4080041643B /* Info.plist */,
			);
			path = HitoryTimeLine;
			sourceTree = "<group>";
		};
		8E46F3861CDFD4080041643B /* HitoryTimeLineTests */ = {
			isa = PBXGroup;
			children = (
				8E46F3871CDFD4080041643B /* HitoryTimeLineTests.swift */,
				8E46F3891CDFD4080041643B /* Info.plist */,
			);
			path = HitoryTimeLineTests;
			sourceTree = "<group>";
		};
		8E46F3911CDFD4080041643B /* HitoryTimeLineUITests */ = {
			isa = PBXGroup;
			children = (
				8E46F3921CDFD4080041643B /* HitoryTimeLineUITests.swift */,
				8E46F3941CDFD4080041643B /* Info.plist */,
			);
			path = HitoryTimeLineUITests;
			sourceTree = "<group>";
		};
/* End PBXGroup section */

/* Begin PBXNativeTarget section */
		8E46F36E1CDFD4080041643B /* HitoryTimeLine */ = {
			isa = PBXNativeTarget;
			buildConfigurationList = 8E46F3971CDFD4080041643B /* Build configuration list for PBXNativeTarget "HitoryTimeLine" */;
			buildPhases = (
				8E46F36B1CDFD4080041643B /* Sources */,
				8E46F36C1CDFD4080041643B /* Frameworks */,
				8E46F36D1CDFD4080041643B /* Resources */,
			);
			buildRules = (
			);
			dependencies = (
			);
			name = HitoryTimeLine;
			productName = HitoryTimeLine;
			productReference = 8E46F36F1CDFD4080041643B /* HitoryTimeLine.app */;
			productType = "com.apple.product-type.application";
		};
		8E46F3821CDFD4080041643B /* HitoryTimeLineTests */ = {
			isa = PBXNativeTarget;
			buildConfigurationList = 8E46F39A1CDFD4080041643B /* Build configuration list for PBXNativeTarget "HitoryTimeLineTests" */;
			buildPhases = (
				8E46F37F1CDFD4080041643B /* Sources */,
				8E46F3801CDFD4080041643B /* Frameworks */,
				8E46F3811CDFD4080041643B /* Resources */,
			);
			buildRules = (
			);
			dependencies = (
				8E46F3851CDFD4080041643B /* PBXTargetDependency */,
			);
			name = HitoryTimeLineTests;
			productName = HitoryTimeLineTests;
			productReference = 8E46F3831CDFD4080041643B /* HitoryTimeLineTests.xctest */;
			productType = "com.apple.product-type.bundle.unit-test";
		};
		8E46F38D1CDFD4080041643B /* HitoryTimeLineUITests */ = {
			isa = PBXNativeTarget;
			buildConfigurationList = 8E46F39D1CDFD4080041643B /* Build configuration list for PBXNativeTarget "HitoryTimeLineUITests" */;
			buildPhases = (
				8E46F38A1CDFD4080041643B /* Sources */,
				8E46F38B1CDFD4080041643B /* Frameworks */,
				8E46F38C1CDFD4080041643B /* Resources */,
			);
			buildRules = (
			);
			dependencies = (
				8E46F3901CDFD4080041643B /* PBXTargetDependency */,
			);
			name = HitoryTimeLineUITests;
			productName = HitoryTimeLineUITests;
			productReference = 8E46F38E1CDFD4080041643B /* HitoryTimeLineUITests.xctest */;
			productType = "com.apple.product-type.bundle.ui-testing";
		};
/* End PBXNativeTarget section */

/* Begin PBXProject section */
		8E46F3671CDFD4080041643B /* Project object */ = {
			isa = PBXProject;
			attributes = {
				LastSwiftUpdateCheck = 0730;
				LastUpgradeCheck = 0730;
				ORGANIZATIONNAME = "Normand Martin";
				TargetAttributes = {
					8E46F36E1CDFD4080041643B = {
						CreatedOnToolsVersion = 7.3;
					};
					8E46F3821CDFD4080041643B = {
						CreatedOnToolsVersion = 7.3;
						TestTargetID = 8E46F36E1CDFD4080041643B;
					};
					8E46F38D1CDFD4080041643B = {
						CreatedOnToolsVersion = 7.3;
						TestTargetID = 8E46F36E1CDFD4080041643B;
					};
				};
			};
			buildConfigurationList = 8E46F36A1CDFD4080041643B /* Build configuration list for PBXProject "HitoryTimeLine" */;
			compatibilityVersion = "Xcode 3.2";
			developmentRegion = English;
			hasScannedForEncodings = 0;
			knownRegions = (
				en,
				Base,
			);
			mainGroup = 8E46F3661CDFD4080041643B;
			productRefGroup = 8E46F3701CDFD4080041643B /* Products */;
			projectDirPath = "";
			projectRoot = "";
			targets = (
				8E46F36E1CDFD4080041643B /* HitoryTimeLine */,
				8E46F3821CDFD4080041643B /* HitoryTimeLineTests */,
				8E46F38D1CDFD4080041643B /* HitoryTimeLineUITests */,
			);
		};
/* End PBXProject section */

/* Begin PBXResourcesBuildPhase section */
		8E46F36D1CDFD4080041643B /* Resources */ = {
			isa = PBXResourcesBuildPhase;
			buildActionMask = 2147483647;
			files = (
				8E46F37D1CDFD4080041643B /* LaunchScreen.storyboard in Resources */,
				8E46F37A1CDFD4080041643B /* Assets.xcassets in Resources */,
				8E46F3781CDFD4080041643B /* Main.storyboard in Resources */,
			);
			runOnlyForDeploymentPostprocessing = 0;
		};
		8E46F3811CDFD4080041643B /* Resources */ = {
			isa = PBXResourcesBuildPhase;
			buildActionMask = 2147483647;
			files = (
			);
			runOnlyForDeploymentPostprocessing = 0;
		};
		8E46F38C1CDFD4080041643B /* Resources */ = {
			isa = PBXResourcesBuildPhase;
			buildActionMask = 2147483647;
			files = (
			);
			runOnlyForDeploymentPostprocessing = 0;
		};
/* End PBXResourcesBuildPhase section */

/* Begin PBXSourcesBuildPhase section */
		8E46F36B1CDFD4080041643B /* Sources */ = {
			isa = PBXSourcesBuildPhase;
			buildActionMask = 2147483647;
			files = (
				8E46F3751CDFD4080041643B /* ViewController.swift in Sources */,
				8E46F3731CDFD4080041643B /* AppDelegate.swift in Sources */,
			);
			runOnlyForDeploymentPostprocessing = 0;
		};
		8E46F37F1CDFD4080041643B /* Sources */ = {
			isa = PBXSourcesBuildPhase;
			buildActionMask = 2147483647;
			files = (
				8E46F3881CDFD4080041643B /* HitoryTimeLineTests.swift in Sources */,
			);
			runOnlyForDeploymentPostprocessing = 0;
		};
		8E46F38A1CDFD4080041643B /* Sources */ = {
			isa = PBXSourcesBuildPhase;
			buildActionMask = 2147483647;
			files = (
				8E46F3931CDFD4080041643B /* HitoryTimeLineUITests.swift in Sources */,
			);
			runOnlyForDeploymentPostprocessing = 0;
		};
/* End PBXSourcesBuildPhase section */

/* Begin PBXTargetDependency section */
		8E46F3851CDFD4080041643B /* PBXTargetDependency */ = {
			isa = PBXTargetDependency;
			target = 8E46F36E1CDFD4080041643B /* HitoryTimeLine */;
			targetProxy = 8E46F3841CDFD4080041643B /* PBXContainerItemProxy */;
		};
		8E46F3901CDFD4080041643B /* PBXTargetDependency */ = {
			isa = PBXTargetDependency;
			target = 8E46F36E1CDFD4080041643B /* HitoryTimeLine */;
			targetProxy = 8E46F38F1CDFD4080041643B /* PBXContainerItemProxy */;
		};
/* End PBXTargetDependency section */

/* Begin PBXVariantGroup section */
		8E46F3761CDFD4080041643B /* Main.storyboard */ = {
			isa = PBXVariantGroup;
			children = (
				8E46F3771CDFD4080041643B /* Base */,
			);
			name = Main.storyboard;
			sourceTree = "<group>";
		};
		8E46F37B1CDFD4080041643B /* LaunchScreen.storyboard */ = {
			isa = PBXVariantGroup;
			children = (
				8E46F37C1CDFD4080041643B /* Base */,
			);
			name = LaunchScreen.storyboard;
			sourceTree = "<group>";
		};
/* End PBXVariantGroup section */

/* Begin XCBuildConfiguration section */
		8E46F3951CDFD4080041643B /* Debug */ = {
			isa = XCBuildConfiguration;
			buildSettings = {
				ALWAYS_SEARCH_USER_PATHS = NO;
				CLANG_ANALYZER_NONNULL = YES;
				CLANG_CXX_LANGUAGE_STANDARD = "gnu++0x";
				CLANG_CXX_LIBRARY = "libc++";
				CLANG_ENABLE_MODULES = YES;
				CLANG_ENABLE_OBJC_ARC = YES;
				CLANG_WARN_BOOL_CONVERSION = YES;
				CLANG_WARN_CONSTANT_CONVERSION = YES;
				CLANG_WARN_DIRECT_OBJC_ISA_USAGE = YES_ERROR;
				CLANG_WARN_EMPTY_BODY = YES;
				CLANG_WARN_ENUM_CONVERSION = YES;
				CLANG_WARN_INT_CONVERSION = YES;
				CLANG_WARN_OBJC_ROOT_CLASS = YES_ERROR;
				CLANG_WARN_UNREACHABLE_CODE = YES;
				CLANG_WARN__DUPLICATE_METHOD_MATCH = YES;
				"CODE_SIGN_IDENTITY[sdk=iphoneos*]" = "iPhone Developer";
				COPY_PHASE_STRIP = NO;
				DEBUG_INFORMATION_FORMAT = dwarf;
				ENABLE_STRICT_OBJC_MSGSEND = YES;
				ENABLE_TESTABILITY = YES;
				GCC_C_LANGUAGE_STANDARD = gnu99;
				GCC_DYNAMIC_NO_PIC = NO;
				GCC_NO_COMMON_BLOCKS = YES;
				GCC_OPTIMIZATION_LEVEL = 0;
				GCC_PREPROCESSOR_DEFINITIONS = (
					"DEBUG=1",
					"$(inherited)",
				);
				GCC_WARN_64_TO_32_BIT_CONVERSION = YES;
				GCC_WARN_ABOUT_RETURN_TYPE = YES_ERROR;
				GCC_WARN_UNDECLARED_SELECTOR = YES;
				GCC_WARN_UNINITIALIZED_AUTOS = YES_AGGRESSIVE;
				GCC_WARN_UNUSED_FUNCTION = YES;
				GCC_WARN_UNUSED_VARIABLE = YES;
				IPHONEOS_DEPLOYMENT_TARGET = 9.3;
				MTL_ENABLE_DEBUG_INFO = YES;
				ONLY_ACTIVE_ARCH = YES;
				SDKROOT = iphoneos;
				SWIFT_OPTIMIZATION_LEVEL = "-Onone";
				TARGETED_DEVICE_FAMILY = "1,2";
			};
			name = Debug;
		};
		8E46F3961CDFD4080041643B /* Release */ = {
			isa = XCBuildConfiguration;
			buildSettings = {
				ALWAYS_SEARCH_USER_PATHS = NO;
				CLANG_ANALYZER_NONNULL = YES;
				CLANG_CXX_LANGUAGE_STANDARD = "gnu++0x";
				CLANG_CXX_LIBRARY = "libc++";
				CLANG_ENABLE_MODULES = YES;
				CLANG_ENABLE_OBJC_ARC = YES;
				CLANG_WARN_BOOL_CONVERSION = YES;
				CLANG_WARN_CONSTANT_CONVERSION = YES;
				CLANG_WARN_DIRECT_OBJC_ISA_USAGE = YES_ERROR;
				CLANG_WARN_EMPTY_BODY = YES;
				CLANG_WARN_ENUM_CONVERSION = YES;
				CLANG_WARN_INT_CONVERSION = YES;
				CLANG_WARN_OBJC_ROOT_CLASS = YES_ERROR;
				CLANG_WARN_UNREACHABLE_CODE = YES;
				CLANG_WARN__DUPLICATE_METHOD_MATCH = YES;
				"CODE_SIGN_IDENTITY[sdk=iphoneos*]" = "iPhone Developer";
				COPY_PHASE_STRIP = NO;
				DEBUG_INFORMATION_FORMAT = "dwarf-with-dsym";
				ENABLE_NS_ASSERTIONS = NO;
				ENABLE_STRICT_OBJC_MSGSEND = YES;
				GCC_C_LANGUAGE_STANDARD = gnu99;
				GCC_NO_COMMON_BLOCKS = YES;
				GCC_WARN_64_TO_32_BIT_CONVERSION = YES;
				GCC_WARN_ABOUT_RETURN_TYPE = YES_ERROR;
				GCC_WARN_UNDECLARED_SELECTOR = YES;
				GCC_WARN_UNINITIALIZED_AUTOS = YES_AGGRESSIVE;
				GCC_WARN_UNUSED_FUNCTION = YES;
				GCC_WARN_UNUSED_VARIABLE = YES;
				IPHONEOS_DEPLOYMENT_TARGET = 9.3;
				MTL_ENABLE_DEBUG_INFO = NO;
				SDKROOT = iphoneos;
				TARGETED_DEVICE_FAMILY = "1,2";
				VALIDATE_PRODUCT = YES;
			};
			name = Release;
		};
		8E46F3981CDFD4080041643B /* Debug */ = {
			isa = XCBuildConfiguration;
			buildSettings = {
				ASSETCATALOG_COMPILER_APPICON_NAME = AppIcon;
				INFOPLIST_FILE = HitoryTimeLine/Info.plist;
				LD_RUNPATH_SEARCH_PATHS = "$(inherited) @executable_path/Frameworks";
				PRODUCT_BUNDLE_IDENTIFIER = NM.HitoryTimeLine;
				PRODUCT_NAME = "$(TARGET_NAME)";
			};
			name = Debug;
		};
		8E46F3991CDFD4080041643B /* Release */ = {
			isa = XCBuildConfiguration;
			buildSettings = {
				ASSETCATALOG_COMPILER_APPICON_NAME = AppIcon;
				INFOPLIST_FILE = HitoryTimeLine/Info.plist;
				LD_RUNPATH_SEARCH_PATHS = "$(inherited) @executable_path/Frameworks";
				PRODUCT_BUNDLE_IDENTIFIER = NM.HitoryTimeLine;
				PRODUCT_NAME = "$(TARGET_NAME)";
			};
			name = Release;
		};
		8E46F39B1CDFD4080041643B /* Debug */ = {
			isa = XCBuildConfiguration;
			buildSettings = {
				BUNDLE_LOADER = "$(TEST_HOST)";
				INFOPLIST_FILE = HitoryTimeLineTests/Info.plist;
				LD_RUNPATH_SEARCH_PATHS = "$(inherited) @executable_path/Frameworks @loader_path/Frameworks";
				PRODUCT_BUNDLE_IDENTIFIER = NM.HitoryTimeLineTests;
				PRODUCT_NAME = "$(TARGET_NAME)";
				TEST_HOST = "$(BUILT_PRODUCTS_DIR)/HitoryTimeLine.app/HitoryTimeLine";
			};
			name = Debug;
		};
		8E46F39C1CDFD4080041643B /* Release */ = {
			isa = XCBuildConfiguration;
			buildSettings = {
				BUNDLE_LOADER = "$(TEST_HOST)";
				INFOPLIST_FILE = HitoryTimeLineTests/Info.plist;
				LD_RUNPATH_SEARCH_PATHS = "$(inherited) @executable_path/Frameworks @loader_path/Frameworks";
				PRODUCT_BUNDLE_IDENTIFIER = NM.HitoryTimeLineTests;
				PRODUCT_NAME = "$(TARGET_NAME)";
				TEST_HOST = "$(BUILT_PRODUCTS_DIR)/HitoryTimeLine.app/HitoryTimeLine";
			};
			name = Release;
		};
		8E46F39E1CDFD4080041643B /* Debug */ = {
			isa = XCBuildConfiguration;
			buildSettings = {
				INFOPLIST_FILE = HitoryTimeLineUITests/Info.plist;
				LD_RUNPATH_SEARCH_PATHS = "$(inherited) @executable_path/Frameworks @loader_path/Frameworks";
				PRODUCT_BUNDLE_IDENTIFIER = NM.HitoryTimeLineUITests;
				PRODUCT_NAME = "$(TARGET_NAME)";
				TEST_TARGET_NAME = HitoryTimeLine;
			};
			name = Debug;
		};
		8E46F39F1CDFD4080041643B /* Release */ = {
			isa = XCBuildConfiguration;
			buildSettings = {
				INFOPLIST_FILE = HitoryTimeLineUITests/Info.plist;
				LD_RUNPATH_SEARCH_PATHS = "$(inherited) @executable_path/Frameworks @loader_path/Frameworks";
				PRODUCT_BUNDLE_IDENTIFIER = NM.HitoryTimeLineUITests;
				PRODUCT_NAME = "$(TARGET_NAME)";
				TEST_TARGET_NAME = HitoryTimeLine;
			};
			name = Release;
		};
/* End XCBuildConfiguration section */

/* Begin XCConfigurationList section */
		8E46F36A1CDFD4080041643B /* Build configuration list for PBXProject "HitoryTimeLine" */ = {
			isa = XCConfigurationList;
			buildConfigurations = (
				8E46F3951CDFD4080041643B /* Debug */,
				8E46F3961CDFD4080041643B /* Release */,
			);
			defaultConfigurationIsVisible = 0;
			defaultConfigurationName = Release;
		};
		8E46F3971CDFD4080041643B /* Build configuration list for PBXNativeTarget "HitoryTimeLine" */ = {
			isa = XCConfigurationList;
			buildConfigurations = (
				8E46F3981CDFD4080041643B /* Debug */,
				8E46F3991CDFD4080041643B /* Release */,
			);
			defaultConfigurationIsVisible = 0;
		};
		8E46F39A1CDFD4080041643B /* Build configuration list for PBXNativeTarget "HitoryTimeLineTests" */ = {
			isa = XCConfigurationList;
			buildConfigurations = (
				8E46F39B1CDFD4080041643B /* Debug */,
				8E46F39C1CDFD4080041643B /* Release */,
			);
			defaultConfigurationIsVisible = 0;
		};
		8E46F39D1CDFD4080041643B /* Build configuration list for PBXNativeTarget "HitoryTimeLineUITests" */ = {
			isa = XCConfigurationList;
			buildConfigurations = (
				8E46F39E1CDFD4080041643B /* Debug */,
				8E46F39F1CDFD4080041643B /* Release */,
			);
			defaultConfigurationIsVisible = 0;
		};
/* End XCConfigurationList section */
	};
	rootObject = 8E46F3671CDFD4080041643B /* Project object */;
}
